
Microsoft Visual Studio Solution File, Format Version 12.00
# Visual Studio Version 16
VisualStudioVersion = 16.0.33423.256
MinimumVisualStudioVersion = 10.0.40219.1
Project("{FAE04EC0-301F-11D3-BF4B-00C04F79EFBC}") = "LibrarySystem", "LibrarySystem\LibrarySystem.csproj", "{29CAFD3D-1753-4F01-BC2F-4E9F0EC0FEB7}"
EndProject
Global
	GlobalSection(SolutionConfigurationPlatforms) = preSolution
		Debug|Any CPU = Debug|Any CPU
		Release|Any CPU = Release|Any CPU
	EndGlobalSection
	GlobalSection(ProjectConfigurationPlatforms) = postSolution
		{29CAFD3D-1753-4F01-BC2F-4E9F0EC0FEB7}.Debug|Any CPU.ActiveCfg = Debug|Any CPU
		{29CAFD3D-1753-4F01-BC2F-4E9F0EC0FEB7}.Debug|Any CPU.Build.0 = Debug|Any CPU
		{29CAFD3D-1753-4F01-BC2F-4E9F0EC0FEB7}.Release|Any CPU.ActiveCfg = Release|Any CPU
		{29CAFD3D-1753-4F01-BC2F-4E9F0EC0FEB7}.Release|Any CPU.Build.0 = Release|Any CPU
	EndGlobalSection
	GlobalSection(SolutionProperties) = preSolution
		HideSolutionNode = FALSE
	EndGlobalSection
	GlobalSection(ExtensibilityGlobals) = postSolution
		SolutionGuid = {77D3CD98-EED9-4D76-9B85-79836CE09A4A}
	EndGlobalSection
EndGlobal
